// !$*UTF8*$!
{
	archiveVersion = 1;
	classes = {
	};
	objectVersion = 50;
	objects = {

/* Begin PBXBuildFile section */
		72440F0521CE1E2B00A1EE43 /* UIImage+getRgbData.m in Sources */ = {isa = PBXBuildFile; fileRef = 72440F0421CE1E2B00A1EE43 /* UIImage+getRgbData.m */; };
		72EAE0C921BD05EA00BCDAD7 /* AppDelegate.m in Sources */ = {isa = PBXBuildFile; fileRef = 72EAE0C821BD05EA00BCDAD7 /* AppDelegate.m */; };
		72EAE0D121BD05EB00BCDAD7 /* Assets.xcassets in Resources */ = {isa = PBXBuildFile; fileRef = 72EAE0D021BD05EB00BCDAD7 /* Assets.xcassets */; };
		72EAE0D421BD05EB00BCDAD7 /* LaunchScreen.storyboard in Resources */ = {isa = PBXBuildFile; fileRef = 72EAE0D221BD05EB00BCDAD7 /* LaunchScreen.storyboard */; };
		72EAE0D721BD05EB00BCDAD7 /* main.m in Sources */ = {isa = PBXBuildFile; fileRef = 72EAE0D621BD05EB00BCDAD7 /* main.m */; };
		72EAE0E121BD05EB00BCDAD7 /* PaperWallTests.m in Sources */ = {isa = PBXBuildFile; fileRef = 72EAE0E021BD05EB00BCDAD7 /* PaperWallTests.m */; };
		72EAE0EC21BD05EB00BCDAD7 /* PaperWallUITests.m in Sources */ = {isa = PBXBuildFile; fileRef = 72EAE0EB21BD05EB00BCDAD7 /* PaperWallUITests.m */; };
		72EAE0FB21BD06DA00BCDAD7 /* PaperCtrl.m in Sources */ = {isa = PBXBuildFile; fileRef = 72EAE0FA21BD06DA00BCDAD7 /* PaperCtrl.m */; };
		72EAE0FE21BD07E000BCDAD7 /* ColorQuantizer.c in Sources */ = {isa = PBXBuildFile; fileRef = 72EAE0FC21BD07E000BCDAD7 /* ColorQuantizer.c */; };
/* End PBXBuildFile section */

/* Begin PBXContainerItemProxy section */
		72EAE0DD21BD05EB00BCDAD7 /* PBXContainerItemProxy */ = {
			isa = PBXContainerItemProxy;
			containerPortal = 72EAE0BC21BD05EA00BCDAD7 /* Project object */;
			proxyType = 1;
			remoteGlobalIDString = 72EAE0C321BD05EA00BCDAD7;
			remoteInfo = PaperWall;
		};
		72EAE0E821BD05EB00BCDAD7 /* PBXContainerItemProxy */ = {
			isa = PBXContainerItemProxy;
			containerPortal = 72EAE0BC21BD05EA00BCDAD7 /* Project object */;
			proxyType = 1;
			remoteGlobalIDString = 72EAE0C321BD05EA00BCDAD7;
			remoteInfo = PaperWall;
		};
/* End PBXContainerItemProxy section */

/* Begin PBXFileReference section */
		72440F0321CE1E2B00A1EE43 /* UIImage+getRgbData.h */ = {isa = PBXFileReference; lastKnownFileType = sourcecode.c.h; path = "UIImage+getRgbData.h"; sourceTree = "<group>"; };
		72440F0421CE1E2B00A1EE43 /* UIImage+getRgbData.m */ = {isa = PBXFileReference; lastKnownFileType = sourcecode.c.objc; path = "UIImage+getRgbData.m"; sourceTree = "<group>"; };
		72EAE0C421BD05EA00BCDAD7 /* PaperWall.app */ = {isa = PBXFileReference; explicitFileType = wrapper.application; includeInIndex = 0; path = PaperWall.app; sourceTree = BUILT_PRODUCTS_DIR; };
		72EAE0C721BD05EA00BCDAD7 /* AppDelegate.h */ = {isa = PBXFileReference; lastKnownFileType = sourcecode.c.h; path = AppDelegate.h; sourceTree = "<group>"; };
		72EAE0C821BD05EA00BCDAD7 /* AppDelegate.m */ = {isa = PBXFileReference; lastKnownFileType = sourcecode.c.objc; path = AppDelegate.m; sourceTree = "<group>"; };
		72EAE0D021BD05EB00BCDAD7 /* Assets.xcassets */ = {isa = PBXFileReference; lastKnownFileType = folder.assetcatalog; path = Assets.xcassets; sourceTree = "<group>"; };
		72EAE0D321BD05EB00BCDAD7 /* Base */ = {isa = PBXFileReference; lastKnownFileType = file.storyboard; name = Base; path = Base.lproj/LaunchScreen.storyboard; sourceTree = "<group>"; };
		72EAE0D521BD05EB00BCDAD7 /* Info.plist */ = {isa = PBXFileReference; lastKnownFileType = text.plist.xml; path = Info.plist; sourceTree = "<group>"; };
		72EAE0D621BD05EB00BCDAD7 /* main.m */ = {isa = PBXFileReference; lastKnownFileType = sourcecode.c.objc; path = main.m; sourceTree = "<group>"; };
		72EAE0DC21BD05EB00BCDAD7 /* PaperWallTests.xctest */ = {isa = PBXFileReference; explicitFileType = wrapper.cfbundle; includeInIndex = 0; path = PaperWallTests.xctest; sourceTree = BUILT_PRODUCTS_DIR; };
		72EAE0E021BD05EB00BCDAD7 /* PaperWallTests.m */ = {isa = PBXFileReference; lastKnownFileType = sourcecode.c.objc; path = PaperWallTests.m; sourceTree = "<group>"; };
		72EAE0E221BD05EB00BCDAD7 /* Info.plist */ = {isa = PBXFileReference; lastKnownFileType = text.plist.xml; path = Info.plist; sourceTree = "<group>"; };
		72EAE0E721BD05EB00BCDAD7 /* PaperWallUITests.xctest */ = {isa = PBXFileReference; explicitFileType = wrapper.cfbundle; includeInIndex = 0; path = PaperWallUITests.xctest; sourceTree = BUILT_PRODUCTS_DIR; };
		72EAE0EB21BD05EB00BCDAD7 /* PaperWallUITests.m */ = {isa = PBXFileReference; lastKnownFileType = sourcecode.c.objc; path = PaperWallUITests.m; sourceTree = "<group>"; };
		72EAE0ED21BD05EB00BCDAD7 /* Info.plist */ = {isa = PBXFileReference; lastKnownFileType = text.plist.xml; path = Info.plist; sourceTree = "<group>"; };
		72EAE0F921BD06DA00BCDAD7 /* PaperCtrl.h */ = {isa = PBXFileReference; lastKnownFileType = sourcecode.c.h; path = PaperCtrl.h; sourceTree = "<group>"; };
		72EAE0FA21BD06DA00BCDAD7 /* PaperCtrl.m */ = {isa = PBXFileReference; lastKnownFileType = sourcecode.c.objc; path = PaperCtrl.m; sourceTree = "<group>"; };
		72EAE0FC21BD07E000BCDAD7 /* ColorQuantizer.c */ = {isa = PBXFileReference; fileEncoding = 4; lastKnownFileType = sourcecode.c.c; path = ColorQuantizer.c; sourceTree = "<group>"; };
		72EAE0FD21BD07E000BCDAD7 /* ColorQuantizer.h */ = {isa = PBXFileReference; fileEncoding = 4; lastKnownFileType = sourcecode.c.h; path = ColorQuantizer.h; sourceTree = "<group>"; };
/* End PBXFileReference section */

/* Begin PBXFrameworksBuildPhase section */
		72EAE0C121BD05EA00BCDAD7 /* Frameworks */ = {
			isa = PBXFrameworksBuildPhase;
			buildActionMask = 2147483647;
			files = (
			);
			runOnlyForDeploymentPostprocessing = 0;
		};
		72EAE0D921BD05EB00BCDAD7 /* Frameworks */ = {
			isa = PBXFrameworksBuildPhase;
			buildActionMask = 2147483647;
			files = (
			);
			runOnlyForDeploymentPostprocessing = 0;
		};
		72EAE0E421BD05EB00BCDAD7 /* Frameworks */ = {
			isa = PBXFrameworksBuildPhase;
			buildActionMask = 2147483647;
			files = (
			);
			runOnlyForDeploymentPostprocessing = 0;
		};
/* End PBXFrameworksBuildPhase section */

/* Begin PBXGroup section */
		72EAE0BB21BD05EA00BCDAD7 = {
			isa = PBXGroup;
			children = (
				72EAE0C621BD05EA00BCDAD7 /* PaperWall */,
				72EAE0DF21BD05EB00BCDAD7 /* PaperWallTests */,
				72EAE0EA21BD05EB00BCDAD7 /* PaperWallUITests */,
				72EAE0C521BD05EA00BCDAD7 /* Products */,
			);
			sourceTree = "<group>";
		};
		72EAE0C521BD05EA00BCDAD7 /* Products */ = {
			isa = PBXGroup;
			children = (
				72EAE0C421BD05EA00BCDAD7 /* PaperWall.app */,
				72EAE0DC21BD05EB00BCDAD7 /* PaperWallTests.xctest */,
				72EAE0E721BD05EB00BCDAD7 /* PaperWallUITests.xctest */,
			);
			name = Products;
			sourceTree = "<group>";
		};
		72EAE0C621BD05EA00BCDAD7 /* PaperWall */ = {
			isa = PBXGroup;
			children = (
				72EAE0C721BD05EA00BCDAD7 /* AppDelegate.h */,
				72EAE0C821BD05EA00BCDAD7 /* AppDelegate.m */,
				72EAE0D021BD05EB00BCDAD7 /* Assets.xcassets */,
				72EAE0D221BD05EB00BCDAD7 /* LaunchScreen.storyboard */,
				72EAE0D521BD05EB00BCDAD7 /* Info.plist */,
				72EAE0D621BD05EB00BCDAD7 /* main.m */,
				72EAE0F921BD06DA00BCDAD7 /* PaperCtrl.h */,
				72EAE0FA21BD06DA00BCDAD7 /* PaperCtrl.m */,
				72EAE0FD21BD07E000BCDAD7 /* ColorQuantizer.h */,
				72EAE0FC21BD07E000BCDAD7 /* ColorQuantizer.c */,
				72440F0321CE1E2B00A1EE43 /* UIImage+getRgbData.h */,
				72440F0421CE1E2B00A1EE43 /* UIImage+getRgbData.m */,
			);
			path = PaperWall;
			sourceTree = "<group>";
		};
		72EAE0DF21BD05EB00BCDAD7 /* PaperWallTests */ = {
			isa = PBXGroup;
			children = (
				72EAE0E021BD05EB00BCDAD7 /* PaperWallTests.m */,
				72EAE0E221BD05EB00BCDAD7 /* Info.plist */,
			);
			path = PaperWallTests;
			sourceTree = "<group>";
		};
		72EAE0EA21BD05EB00BCDAD7 /* PaperWallUITests */ = {
			isa = PBXGroup;
			children = (
				72EAE0EB21BD05EB00BCDAD7 /* PaperWallUITests.m */,
				72EAE0ED21BD05EB00BCDAD7 /* Info.plist */,
			);
			path = PaperWallUITests;
			sourceTree = "<group>";
		};
/* End PBXGroup section */

/* Begin PBXNativeTarget section */
		72EAE0C321BD05EA00BCDAD7 /* PaperWall */ = {
			isa = PBXNativeTarget;
			buildConfigurationList = 72EAE0F021BD05EB00BCDAD7 /* Build configuration list for PBXNativeTarget "PaperWall" */;
			buildPhases = (
				72EAE0C021BD05EA00BCDAD7 /* Sources */,
				72EAE0C121BD05EA00BCDAD7 /* Frameworks */,
				72EAE0C221BD05EA00BCDAD7 /* Resources */,
			);
			buildRules = (
			);
			dependencies = (
			);
			name = PaperWall;
			productName = PaperWall;
			productReference = 72EAE0C421BD05EA00BCDAD7 /* PaperWall.app */;
			productType = "com.apple.product-type.application";
		};
		72EAE0DB21BD05EB00BCDAD7 /* PaperWallTests */ = {
			isa = PBXNativeTarget;
			buildConfigurationList = 72EAE0F321BD05EB00BCDAD7 /* Build configuration list for PBXNativeTarget "PaperWallTests" */;
			buildPhases = (
				72EAE0D821BD05EB00BCDAD7 /* Sources */,
				72EAE0D921BD05EB00BCDAD7 /* Frameworks */,
				72EAE0DA21BD05EB00BCDAD7 /* Resources */,
			);
			buildRules = (
			);
			dependencies = (
				72EAE0DE21BD05EB00BCDAD7 /* PBXTargetDependency */,
			);
			name = PaperWallTests;
			productName = PaperWallTests;
			productReference = 72EAE0DC21BD05EB00BCDAD7 /* PaperWallTests.xctest */;
			productType = "com.apple.product-type.bundle.unit-test";
		};
		72EAE0E621BD05EB00BCDAD7 /* PaperWallUITests */ = {
			isa = PBXNativeTarget;
			buildConfigurationList = 72EAE0F621BD05EB00BCDAD7 /* Build configuration list for PBXNativeTarget "PaperWallUITests" */;
			buildPhases = (
				72EAE0E321BD05EB00BCDAD7 /* Sources */,
				72EAE0E421BD05EB00BCDAD7 /* Frameworks */,
				72EAE0E521BD05EB00BCDAD7 /* Resources */,
			);
			buildRules = (
			);
			dependencies = (
				72EAE0E921BD05EB00BCDAD7 /* PBXTargetDependency */,
			);
			name = PaperWallUITests;
			productName = PaperWallUITests;
			productReference = 72EAE0E721BD05EB00BCDAD7 /* PaperWallUITests.xctest */;
			productType = "com.apple.product-type.bundle.ui-testing";
		};
/* End PBXNativeTarget section */

/* Begin PBXProject section */
		72EAE0BC21BD05EA00BCDAD7 /* Project object */ = {
			isa = PBXProject;
			attributes = {
				LastUpgradeCheck = 1010;
				ORGANIZATIONNAME = "Tom Xing";
				TargetAttributes = {
					72EAE0C321BD05EA00BCDAD7 = {
						CreatedOnToolsVersion = 10.1;
					};
					72EAE0DB21BD05EB00BCDAD7 = {
						CreatedOnToolsVersion = 10.1;
						TestTargetID = 72EAE0C321BD05EA00BCDAD7;
					};
					72EAE0E621BD05EB00BCDAD7 = {
						CreatedOnToolsVersion = 10.1;
						TestTargetID = 72EAE0C321BD05EA00BCDAD7;
					};
				};
			};
			buildConfigurationList = 72EAE0BF21BD05EA00BCDAD7 /* Build configuration list for PBXProject "PaperWall" */;
			compatibilityVersion = "Xcode 9.3";
			developmentRegion = en;
			hasScannedForEncodings = 0;
			knownRegions = (
				en,
				Base,
			);
			mainGroup = 72EAE0BB21BD05EA00BCDAD7;
			productRefGroup = 72EAE0C521BD05EA00BCDAD7 /* Products */;
			projectDirPath = "";
			projectRoot = "";
			targets = (
				72EAE0C321BD05EA00BCDAD7 /* PaperWall */,
				72EAE0DB21BD05EB00BCDAD7 /* PaperWallTests */,
				72EAE0E621BD05EB00BCDAD7 /* PaperWallUITests */,
			);
		};
/* End PBXProject section */

/* Begin PBXResourcesBuildPhase section */
		72EAE0C221BD05EA00BCDAD7 /* Resources */ = {
			isa = PBXResourcesBuildPhase;
			buildActionMask = 2147483647;
			files = (
				72EAE0D421BD05EB00BCDAD7 /* LaunchScreen.storyboard in Resources */,
				72EAE0D121BD05EB00BCDAD7 /* Assets.xcassets in Resources */,
			);
			runOnlyForDeploymentPostprocessing = 0;
		};
		72EAE0DA21BD05EB00BCDAD7 /* Resources */ = {
			isa = PBXResourcesBuildPhase;
			buildActionMask = 2147483647;
			files = (
			);
			runOnlyForDeploymentPostprocessing = 0;
		};
		72EAE0E521BD05EB00BCDAD7 /* Resources */ = {
			isa = PBXResourcesBuildPhase;
			buildActionMask = 2147483647;
			files = (
			);
			runOnlyForDeploymentPostprocessing = 0;
		};
/* End PBXResourcesBuildPhase section */

/* Begin PBXSourcesBuildPhase section */
		72EAE0C021BD05EA00BCDAD7 /* Sources */ = {
			isa = PBXSourcesBuildPhase;
			buildActionMask = 2147483647;
			files = (
				72EAE0D721BD05EB00BCDAD7 /* main.m in Sources */,
				72440F0521CE1E2B00A1EE43 /* UIImage+getRgbData.m in Sources */,
				72EAE0C921BD05EA00BCDAD7 /* AppDelegate.m in Sources */,
				72EAE0FB21BD06DA00BCDAD7 /* PaperCtrl.m in Sources */,
				72EAE0FE21BD07E000BCDAD7 /* ColorQuantizer.c in Sources */,
			);
			runOnlyForDeploymentPostprocessing = 0;
		};
		72EAE0D821BD05EB00BCDAD7 /* Sources */ = {
			isa = PBXSourcesBuildPhase;
			buildActionMask = 2147483647;
			files = (
				72EAE0E121BD05EB00BCDAD7 /* PaperWallTests.m in Sources */,
			);
			runOnlyForDeploymentPostprocessing = 0;
		};
		72EAE0E321BD05EB00BCDAD7 /* Sources */ = {
			isa = PBXSourcesBuildPhase;
			buildActionMask = 2147483647;
			files = (
				72EAE0EC21BD05EB00BCDAD7 /* PaperWallUITests.m in Sources */,
			);
			runOnlyForDeploymentPostprocessing = 0;
		};
/* End PBXSourcesBuildPhase section */

/* Begin PBXTargetDependency section */
		72EAE0DE21BD05EB00BCDAD7 /* PBXTargetDependency */ = {
			isa = PBXTargetDependency;
			target = 72EAE0C321BD05EA00BCDAD7 /* PaperWall */;
			targetProxy = 72EAE0DD21BD05EB00BCDAD7 /* PBXContainerItemProxy */;
		};
		72EAE0E921BD05EB00BCDAD7 /* PBXTargetDependency */ = {
			isa = PBXTargetDependency;
			target = 72EAE0C321BD05EA00BCDAD7 /* PaperWall */;
			targetProxy = 72EAE0E821BD05EB00BCDAD7 /* PBXContainerItemProxy */;
		};
/* End PBXTargetDependency section */

/* Begin PBXVariantGroup section */
		72EAE0D221BD05EB00BCDAD7 /* LaunchScreen.storyboard */ = {
			isa = PBXVariantGroup;
			children = (
				72EAE0D321BD05EB00BCDAD7 /* Base */,
			);
			name = LaunchScreen.storyboard;
			sourceTree = "<group>";
		};
/* End PBXVariantGroup section */

/* Begin XCBuildConfiguration section */
		72EAE0EE21BD05EB00BCDAD7 /* Debug */ = {
			isa = XCBuildConfiguration;
			buildSettings = {
				ALWAYS_SEARCH_USER_PATHS = NO;
				CLANG_ANALYZER_NONNULL = YES;
				CLANG_ANALYZER_NUMBER_OBJECT_CONVERSION = YES_AGGRESSIVE;
				CLANG_CXX_LANGUAGE_STANDARD = "gnu++14";
				CLANG_CXX_LIBRARY = "libc++";
				CLANG_ENABLE_MODULES = YES;
				CLANG_ENABLE_OBJC_ARC = YES;
				CLANG_ENABLE_OBJC_WEAK = YES;
				CLANG_WARN_BLOCK_CAPTURE_AUTORELEASING = YES;
				CLANG_WARN_BOOL_CONVERSION = YES;
				CLANG_WARN_COMMA = YES;
				CLANG_WARN_CONSTANT_CONVERSION = YES;
				CLANG_WARN_DEPRECATED_OBJC_IMPLEMENTATIONS = YES;
				CLANG_WARN_DIRECT_OBJC_ISA_USAGE = YES_ERROR;
				CLANG_WARN_DOCUMENTATION_COMMENTS = YES;
				CLANG_WARN_EMPTY_BODY = YES;
				CLANG_WARN_ENUM_CONVERSION = YES;
				CLANG_WARN_INFINITE_RECURSION = YES;
				CLANG_WARN_INT_CONVERSION = YES;
				CLANG_WARN_NON_LITERAL_NULL_CONVERSION = YES;
				CLANG_WARN_OBJC_IMPLICIT_RETAIN_SELF = YES;
				CLANG_WARN_OBJC_LITERAL_CONVERSION = YES;
				CLANG_WARN_OBJC_ROOT_CLASS = YES_ERROR;
				CLANG_WARN_RANGE_LOOP_ANALYSIS = YES;
				CLANG_WARN_STRICT_PROTOTYPES = YES;
				CLANG_WARN_SUSPICIOUS_MOVE = YES;
				CLANG_WARN_UNGUARDED_AVAILABILITY = YES_AGGRESSIVE;
				CLANG_WARN_UNREACHABLE_CODE = YES;
				CLANG_WARN__DUPLICATE_METHOD_MATCH = YES;
				CODE_SIGN_IDENTITY = "iPhone Developer";
				COPY_PHASE_STRIP = NO;
				DEBUG_INFORMATION_FORMAT = dwarf;
				ENABLE_STRICT_OBJC_MSGSEND = YES;
				ENABLE_TESTABILITY = YES;
				GCC_C_LANGUAGE_STANDARD = gnu11;
				GCC_DYNAMIC_NO_PIC = NO;
				GCC_NO_COMMON_BLOCKS = YES;
				GCC_OPTIMIZATION_LEVEL = 0;
				GCC_PREPROCESSOR_DEFINITIONS = (
					"DEBUG=1",
					"$(inherited)",
				);
				GCC_WARN_64_TO_32_BIT_CONVERSION = YES;
				GCC_WARN_ABOUT_RETURN_TYPE = YES_ERROR;
				GCC_WARN_UNDECLARED_SELECTOR = YES;
				GCC_WARN_UNINITIALIZED_AUTOS = YES_AGGRESSIVE;
				GCC_WARN_UNUSED_FUNCTION = YES;
				GCC_WARN_UNUSED_VARIABLE = YES;
				IPHONEOS_DEPLOYMENT_TARGET = 12.1;
				MTL_ENABLE_DEBUG_INFO = INCLUDE_SOURCE;
				MTL_FAST_MATH = YES;
				ONLY_ACTIVE_ARCH = YES;
				SDKROOT = iphoneos;
			};
			name = Debug;
		};
		72EAE0EF21BD05EB00BCDAD7 /* Release */ = {
			isa = XCBuildConfiguration;
			buildSettings = {
				ALWAYS_SEARCH_USER_PATHS = NO;
				CLANG_ANALYZER_NONNULL = YES;
				CLANG_ANALYZER_NUMBER_OBJECT_CONVERSION = YES_AGGRESSIVE;
				CLANG_CXX_LANGUAGE_STANDARD = "gnu++14";
				CLANG_CXX_LIBRARY = "libc++";
				CLANG_ENABLE_MODULES = YES;
				CLANG_ENABLE_OBJC_ARC = YES;
				CLANG_ENABLE_OBJC_WEAK = YES;
				CLANG_WARN_BLOCK_CAPTURE_AUTORELEASING = YES;
				CLANG_WARN_BOOL_CONVERSION = YES;
				CLANG_WARN_COMMA = YES;
				CLANG_WARN_CONSTANT_CONVERSION = YES;
				CLANG_WARN_DEPRECATED_OBJC_IMPLEMENTATIONS = YES;
				CLANG_WARN_DIRECT_OBJC_ISA_USAGE = YES_ERROR;
				CLANG_WARN_DOCUMENTATION_COMMENTS = YES;
				CLANG_WARN_EMPTY_BODY = YES;
				CLANG_WARN_ENUM_CONVERSION = YES;
				CLANG_WARN_INFINITE_RECURSION = YES;
				CLANG_WARN_INT_CONVERSION = YES;
				CLANG_WARN_NON_LITERAL_NULL_CONVERSION = YES;
				CLANG_WARN_OBJC_IMPLICIT_RETAIN_SELF = YES;
				CLANG_WARN_OBJC_LITERAL_CONVERSION = YES;
				CLANG_WARN_OBJC_ROOT_CLASS = YES_ERROR;
				CLANG_WARN_RANGE_LOOP_ANALYSIS = YES;
				CLANG_WARN_STRICT_PROTOTYPES = YES;
				CLANG_WARN_SUSPICIOUS_MOVE = YES;
				CLANG_WARN_UNGUARDED_AVAILABILITY = YES_AGGRESSIVE;
				CLANG_WARN_UNREACHABLE_CODE = YES;
				CLANG_WARN__DUPLICATE_METHOD_MATCH = YES;
				CODE_SIGN_IDENTITY = "iPhone Developer";
				COPY_PHASE_STRIP = NO;
				DEBUG_INFORMATION_FORMAT = "dwarf-with-dsym";
				ENABLE_NS_ASSERTIONS = NO;
				ENABLE_STRICT_OBJC_MSGSEND = YES;
				GCC_C_LANGUAGE_STANDARD = gnu11;
				GCC_NO_COMMON_BLOCKS = YES;
				GCC_WARN_64_TO_32_BIT_CONVERSION = YES;
				GCC_WARN_ABOUT_RETURN_TYPE = YES_ERROR;
				GCC_WARN_UNDECLARED_SELECTOR = YES;
				GCC_WARN_UNINITIALIZED_AUTOS = YES_AGGRESSIVE;
				GCC_WARN_UNUSED_FUNCTION = YES;
				GCC_WARN_UNUSED_VARIABLE = YES;
				IPHONEOS_DEPLOYMENT_TARGET = 12.1;
				MTL_ENABLE_DEBUG_INFO = NO;
				MTL_FAST_MATH = YES;
				SDKROOT = iphoneos;
				VALIDATE_PRODUCT = YES;
			};
			name = Release;
		};
		72EAE0F121BD05EB00BCDAD7 /* Debug */ = {
			isa = XCBuildConfiguration;
			buildSettings = {
				ASSETCATALOG_COMPILER_APPICON_NAME = AppIcon;
				CODE_SIGN_STYLE = Automatic;
				DEVELOPMENT_TEAM = 5DU5SP7K29;
				INFOPLIST_FILE = PaperWall/Info.plist;
				IPHONEOS_DEPLOYMENT_TARGET = 12.0;
				LD_RUNPATH_SEARCH_PATHS = (
					"$(inherited)",
					"@executable_path/Frameworks",
				);
				PRODUCT_BUNDLE_IDENTIFIER = tt.PaperWall;
				PRODUCT_NAME = "$(TARGET_NAME)";
				TARGETED_DEVICE_FAMILY = 1;
			};
			name = Debug;
		};
		72EAE0F221BD05EB00BCDAD7 /* Release */ = {
			isa = XCBuildConfiguration;
			buildSettings = {
				ASSETCATALOG_COMPILER_APPICON_NAME = AppIcon;
				CODE_SIGN_STYLE = Automatic;
				DEVELOPMENT_TEAM = 5DU5SP7K29;
				INFOPLIST_FILE = PaperWall/Info.plist;
				IPHONEOS_DEPLOYMENT_TARGET = 12.0;
				LD_RUNPATH_SEARCH_PATHS = (
					"$(inherited)",
					"@executable_path/Frameworks",
				);
				PRODUCT_BUNDLE_IDENTIFIER = tt.PaperWall;
				PRODUCT_NAME = "$(TARGET_NAME)";
				TARGETED_DEVICE_FAMILY = 1;
			};
			name = Release;
		};
		72EAE0F421BD05EB00BCDAD7 /* Debug */ = {
			isa = XCBuildConfiguration;
			buildSettings = {
				BUNDLE_LOADER = "$(TEST_HOST)";
				CODE_SIGN_STYLE = Automatic;
				INFOPLIST_FILE = PaperWallTests/Info.plist;
				LD_RUNPATH_SEARCH_PATHS = (
					"$(inherited)",
					"@executable_path/Frameworks",
					"@loader_path/Frameworks",
				);
				PRODUCT_BUNDLE_IDENTIFIER = tt.PaperWallTests;
				PRODUCT_NAME = "$(TARGET_NAME)";
				TARGETED_DEVICE_FAMILY = "1,2";
				TEST_HOST = "$(BUILT_PRODUCTS_DIR)/PaperWall.app/PaperWall";
			};
			name = Debug;
		};
		72EAE0F521BD05EB00BCDAD7 /* Release */ = {
			isa = XCBuildConfiguration;
			buildSettings = {
				BUNDLE_LOADER = "$(TEST_HOST)";
				CODE_SIGN_STYLE = Automatic;
				INFOPLIST_FILE = PaperWallTests/Info.plist;
				LD_RUNPATH_SEARCH_PATHS = (
					"$(inherited)",
					"@executable_path/Frameworks",
					"@loader_path/Frameworks",
				);
				PRODUCT_BUNDLE_IDENTIFIER = tt.PaperWallTests;
				PRODUCT_NAME = "$(TARGET_NAME)";
				TARGETED_DEVICE_FAMILY = "1,2";
				TEST_HOST = "$(BUILT_PRODUCTS_DIR)/PaperWall.app/PaperWall";
			};
			name = Release;
		};
		72EAE0F721BD05EB00BCDAD7 /* Debug */ = {
			isa = XCBuildConfiguration;
			buildSettings = {
				CODE_SIGN_STYLE = Automatic;
				INFOPLIST_FILE = PaperWallUITests/Info.plist;
				LD_RUNPATH_SEARCH_PATHS = (
					"$(inherited)",
					"@executable_path/Frameworks",
					"@loader_path/Frameworks",
				);
				PRODUCT_BUNDLE_IDENTIFIER = tt.PaperWallUITests;
				PRODUCT_NAME = "$(TARGET_NAME)";
				TARGETED_DEVICE_FAMILY = "1,2";
				TEST_TARGET_NAME = PaperWall;
			};
			name = Debug;
		};
		72EAE0F821BD05EB00BCDAD7 /* Release */ = {
			isa = XCBuildConfiguration;
			buildSettings = {
				CODE_SIGN_STYLE = Automatic;
				INFOPLIST_FILE = PaperWallUITests/Info.plist;
				LD_RUNPATH_SEARCH_PATHS = (
					"$(inherited)",
					"@executable_path/Frameworks",
					"@loader_path/Frameworks",
				);
				PRODUCT_BUNDLE_IDENTIFIER = tt.PaperWallUITests;
				PRODUCT_NAME = "$(TARGET_NAME)";
				TARGETED_DEVICE_FAMILY = "1,2";
				TEST_TARGET_NAME = PaperWall;
			};
			name = Release;
		};
/* End XCBuildConfiguration section */

/* Begin XCConfigurationList section */
		72EAE0BF21BD05EA00BCDAD7 /* Build configuration list for PBXProject "PaperWall" */ = {
			isa = XCConfigurationList;
			buildConfigurations = (
				72EAE0EE21BD05EB00BCDAD7 /* Debug */,
				72EAE0EF21BD05EB00BCDAD7 /* Release */,
			);
			defaultConfigurationIsVisible = 0;
			defaultConfigurationName = Release;
		};
		72EAE0F021BD05EB00BCDAD7 /* Build configuration list for PBXNativeTarget "PaperWall" */ = {
			isa = XCConfigurationList;
			buildConfigurations = (
				72EAE0F121BD05EB00BCDAD7 /* Debug */,
				72EAE0F221BD05EB00BCDAD7 /* Release */,
			);
			defaultConfigurationIsVisible = 0;
			defaultConfigurationName = Release;
		};
		72EAE0F321BD05EB00BCDAD7 /* Build configuration list for PBXNativeTarget "PaperWallTests" */ = {
			isa = XCConfigurationList;
			buildConfigurations = (
				72EAE0F421BD05EB00BCDAD7 /* Debug */,
				72EAE0F521BD05EB00BCDAD7 /* Release */,
			);
			defaultConfigurationIsVisible = 0;
			defaultConfigurationName = Release;
		};
		72EAE0F621BD05EB00BCDAD7 /* Build configuration list for PBXNativeTarget "PaperWallUITests" */ = {
			isa = XCConfigurationList;
			buildConfigurations = (
				72EAE0F721BD05EB00BCDAD7 /* Debug */,
				72EAE0F821BD05EB00BCDAD7 /* Release */,
			);
			defaultConfigurationIsVisible = 0;
			defaultConfigurationName = Release;
		};
/* End XCConfigurationList section */
	};
	rootObject = 72EAE0BC21BD05EA00BCDAD7 /* Project object */;
}
